
Microsoft Visual Studio Solution File, Format Version 12.00
Project("{FAE04EC0-301F-11D3-BF4B-00C04F79EFBC}") = "ASP.NETCoreWebApplication", "ASP.NETCoreWebApplication\ASP.NETCoreWebApplication.csproj", "{EBA9CE78-B91E-4CA1-A5F4-B63F065F7287}"
EndProject
Global
	GlobalSection(SolutionConfigurationPlatforms) = preSolution
		Debug|Any CPU = Debug|Any CPU
		Release|Any CPU = Release|Any CPU
	EndGlobalSection
	GlobalSection(ProjectConfigurationPlatforms) = postSolution
		{EBA9CE78-B91E-4CA1-A5F4-B63F065F7287}.Debug|Any CPU.ActiveCfg = Debug|Any CPU
		{EBA9CE78-B91E-4CA1-A5F4-B63F065F7287}.Debug|Any CPU.Build.0 = Debug|Any CPU
		{EBA9CE78-B91E-4CA1-A5F4-B63F065F7287}.Release|Any CPU.ActiveCfg = Release|Any CPU
		{EBA9CE78-B91E-4CA1-A5F4-B63F065F7287}.Release|Any CPU.Build.0 = Release|Any CPU
	EndGlobalSection
EndGlobal
